
Microsoft Visual Studio Solution File, Format Version 12.00
# Visual Studio Version 17
VisualStudioVersion = 17.12.35527.113
MinimumVisualStudioVersion = 10.0.40219.1
Project("{FAE04EC0-301F-11D3-BF4B-00C04F79EFBC}") = "PSCCentaurTestServerApp", "PSCCentaurTestServerApp\PSCCentaurTestServerApp.csproj", "{9716A0FE-7F59-41F9-977B-25D56ACD498B}"
EndProject
Project("{8BC9CEB8-8B4A-11D0-8D11-00A0C91BC942}") = "PSCCentaurTestClientApp", "PSCCentaurTestClientApp\PSCCentaurTestClientApp.vcxproj", "{89515650-D6B2-4830-90C6-6538EBBC7F85}"
EndProject
Global
	GlobalSection(SolutionConfigurationPlatforms) = preSolution
		Debug|Any CPU = Debug|Any CPU
		Debug|x64 = Debug|x64
		Debug|x86 = Debug|x86
		Release|Any CPU = Release|Any CPU
		Release|x64 = Release|x64
		Release|x86 = Release|x86
	EndGlobalSection
	GlobalSection(ProjectConfigurationPlatforms) = postSolution
		{9716A0FE-7F59-41F9-977B-25D56ACD498B}.Debug|Any CPU.ActiveCfg = Debug|Any CPU
		{9716A0FE-7F59-41F9-977B-25D56ACD498B}.Debug|Any CPU.Build.0 = Debug|Any CPU
		{9716A0FE-7F59-41F9-977B-25D56ACD498B}.Debug|x64.ActiveCfg = Debug|Any CPU
		{9716A0FE-7F59-41F9-977B-25D56ACD498B}.Debug|x64.Build.0 = Debug|Any CPU
		{9716A0FE-7F59-41F9-977B-25D56ACD498B}.Debug|x86.ActiveCfg = Debug|Any CPU
		{9716A0FE-7F59-41F9-977B-25D56ACD498B}.Debug|x86.Build.0 = Debug|Any CPU
		{9716A0FE-7F59-41F9-977B-25D56ACD498B}.Release|Any CPU.ActiveCfg = Release|Any CPU
		{9716A0FE-7F59-41F9-977B-25D56ACD498B}.Release|Any CPU.Build.0 = Release|Any CPU
		{9716A0FE-7F59-41F9-977B-25D56ACD498B}.Release|x64.ActiveCfg = Release|Any CPU
		{9716A0FE-7F59-41F9-977B-25D56ACD498B}.Release|x64.Build.0 = Release|Any CPU
		{9716A0FE-7F59-41F9-977B-25D56ACD498B}.Release|x86.ActiveCfg = Release|Any CPU
		{9716A0FE-7F59-41F9-977B-25D56ACD498B}.Release|x86.Build.0 = Release|Any CPU
		{89515650-D6B2-4830-90C6-6538EBBC7F85}.Debug|Any CPU.ActiveCfg = Debug|x64
		{89515650-D6B2-4830-90C6-6538EBBC7F85}.Debug|Any CPU.Build.0 = Debug|x64
		{89515650-D6B2-4830-90C6-6538EBBC7F85}.Debug|x64.ActiveCfg = Debug|x64
		{89515650-D6B2-4830-90C6-6538EBBC7F85}.Debug|x64.Build.0 = Debug|x64
		{89515650-D6B2-4830-90C6-6538EBBC7F85}.Debug|x86.ActiveCfg = Debug|Win32
		{89515650-D6B2-4830-90C6-6538EBBC7F85}.Debug|x86.Build.0 = Debug|Win32
		{89515650-D6B2-4830-90C6-6538EBBC7F85}.Release|Any CPU.ActiveCfg = Release|x64
		{89515650-D6B2-4830-90C6-6538EBBC7F85}.Release|Any CPU.Build.0 = Release|x64
		{89515650-D6B2-4830-90C6-6538EBBC7F85}.Release|x64.ActiveCfg = Release|x64
		{89515650-D6B2-4830-90C6-6538EBBC7F85}.Release|x64.Build.0 = Release|x64
		{89515650-D6B2-4830-90C6-6538EBBC7F85}.Release|x86.ActiveCfg = Release|Win32
		{89515650-D6B2-4830-90C6-6538EBBC7F85}.Release|x86.Build.0 = Release|Win32
	EndGlobalSection
	GlobalSection(SolutionProperties) = preSolution
		HideSolutionNode = FALSE
	EndGlobalSection
EndGlobal
